
Microsoft Visual Studio Solution File, Format Version 12.00
# Visual Studio 15
VisualStudioVersion = 15.0.28307.572
MinimumVisualStudioVersion = 10.0.40219.1
Project("{FAE04EC0-301F-11D3-BF4B-00C04F79EFBC}") = "DES_CBF", "DES_CBF.csproj", "{999C7198-B184-40BD-9C18-A4DB9A2924A0}"
EndProject
Global
	GlobalSection(SolutionConfigurationPlatforms) = preSolution
		Debug|Any CPU = Debug|Any CPU
		Release|Any CPU = Release|Any CPU
	EndGlobalSection
	GlobalSection(ProjectConfigurationPlatforms) = postSolution
		{999C7198-B184-40BD-9C18-A4DB9A2924A0}.Debug|Any CPU.ActiveCfg = Debug|Any CPU
		{999C7198-B184-40BD-9C18-A4DB9A2924A0}.Debug|Any CPU.Build.0 = Debug|Any CPU
		{999C7198-B184-40BD-9C18-A4DB9A2924A0}.Release|Any CPU.ActiveCfg = Release|Any CPU
		{999C7198-B184-40BD-9C18-A4DB9A2924A0}.Release|Any CPU.Build.0 = Release|Any CPU
	EndGlobalSection
	GlobalSection(SolutionProperties) = preSolution
		HideSolutionNode = FALSE
	EndGlobalSection
	GlobalSection(ExtensibilityGlobals) = postSolution
		SolutionGuid = {E41100E8-FACA-4FC0-B8A7-67E45F021DA9}
	EndGlobalSection
EndGlobal
